github.com/spf13/pflag v1.0.5 h1:iy+VFUOCP1a+8yFto/drg2CJ5u0yRoB7fZw3DKv/JXA=
github.com/spf13/pflag v1.0.5/go.mod h1:McXfInJRrz4CZXVZOBLb0bTZqETkiAhM9Iw0y3An2Bg=
golang.org/x/text v0.3.2 h1:tW2bmiBqwgJj/UpqtC8EpXEZVYOwU0yG4iWbprSVAcs=
golang.org/x/text v0.3.2/go.mod h1:bEr9sfX3Q8Zfm5fL9x+3itogRgK3+ptLWKqgva+5dAk=
golang.org/x/tools v0.0.0-20180917221912-90fa682c2a6e/go.mod h1:n7NCudcB/nEzxVGmLbDWY5pfWTLqBcC2KZ6jyYvM4mQ=
gopkg.in/xmlpath.v1 v1.0.0-20140413065638-a146725ea6e7 h1:zibSPXbkfB1Dwl76rJgLa68xcdHu42qmFTe6vAnU4wA=
gopkg.in/xmlpath.v1 v1.0.0-20140413065638-a146725ea6e7/go.mod h1:wo0SW5T6XqIKCCAge330Cd5sm+7VI6v85OrQHIk50KM=
launchpad.net/gocheck v0.0.0-20140225173054-000000000087 h1:Izowp2XBH6Ya6rv+hqbceQyw/gSGoXfH/UPoTGduL54=
launchpad.net/gocheck v0.0.0-20140225173054-000000000087/go.mod h1:hj7XX3B/0A+80Vse0e+BUHsHMTEhd0O4cpUHr/e/BUM=
launchpad.net/xmlpath v0.0.0-20130614043138-000000000004 h1:B8nNZBUrx8YufDCAJjvO/lVs4GxXMQHyrjwJdJzXMFg=
launchpad.net/xmlpath v0.0.0-20130614043138-000000000004/go.mod h1:vqyExLOM3qBx7mvYRkoxjSCF945s0mbe7YynlKYXtsA=
